
Microsoft Visual Studio Solution File, Format Version 12.00
# Visual Studio Version 17
VisualStudioVersion = 17.5.33424.131
MinimumVisualStudioVersion = 10.0.40219.1
Project("{FAE04EC0-301F-11D3-BF4B-00C04F79EFBC}") = "OF.Module", "OFModule\OF.Module.csproj", "{7F2A2DC9-8792-4137-BF91-F917B2ABEC35}"
EndProject
Project("{2150E333-8FDC-42A3-9474-1A3956D46DE8}") = "Parser", "Parser", "{0AACBFE1-7014-4FCE-A538-317C2913D891}"
EndProject
Project("{2150E333-8FDC-42A3-9474-1A3956D46DE8}") = "Generator", "Generator", "{3B0A23C4-6128-4F64-8340-E097874FB922}"
EndProject
Project("{2150E333-8FDC-42A3-9474-1A3956D46DE8}") = "Transformator", "Transformator", "{A7F58EAF-6966-4191-AD95-42D0344F120A}"
EndProject
Project("{2150E333-8FDC-42A3-9474-1A3956D46DE8}") = "Adapter", "Adapter", "{6944C55F-2FEB-4B31-A57E-5CEE139D8F82}"
EndProject
Project("{2150E333-8FDC-42A3-9474-1A3956D46DE8}") = "Workflows", "Workflows", "{392C9539-053B-4FB0-B4B8-48D21C989774}"
EndProject
Project("{2150E333-8FDC-42A3-9474-1A3956D46DE8}") = "Testfiles", "Testfiles", "{67D5D301-E63D-48F2-90F3-5490BA34A451}"
EndProject
Project("{FAE04EC0-301F-11D3-BF4B-00C04F79EFBC}") = "OF.Transformation.RuleEngine", "Transformator\OF.Transformation.RuleEngine\OF.Transformation.RuleEngine.csproj", "{297D8FC8-7C28-4DFA-A8BC-5932C6D0022A}"
EndProject
Project("{2150E333-8FDC-42A3-9474-1A3956D46DE8}") = "UnitTests", "UnitTests", "{13A59BB3-02CD-4B63-940A-A7FF45341AD9}"
EndProject
Project("{2150E333-8FDC-42A3-9474-1A3956D46DE8}") = "Helper", "Helper", "{55193EF5-2736-4A51-8EB3-9AEC7051D3AF}"
EndProject
Project("{2150E333-8FDC-42A3-9474-1A3956D46DE8}") = "Doc", "Doc", "{81CEF1FE-A548-48A7-B8AF-D0DC311442C1}"
EndProject
Project("{FAE04EC0-301F-11D3-BF4B-00C04F79EFBC}") = "OF.Adapter.GetFTP", "Adapter\OF.Adaptor.GetFTP\OF.Adapter.GetFTP.csproj", "{FCE4FDF5-8ABE-46A2-B651-AE9772B66296}"
EndProject
Project("{FAE04EC0-301F-11D3-BF4B-00C04F79EFBC}") = "OF.Adapter.SendFTP", "Adapter\OF.Adaptor.SendFTP\OF.Adapter.SendFTP.csproj", "{FCE4FDF7-84BE-46A2-B651-AE9772B66296}"
EndProject
Project("{FAE04EC0-301F-11D3-BF4B-00C04F79EFBC}") = "WF_OMAtoB2B", "Workflows\WF_OMAtoB2B\WF_OMAtoB2B.csproj", "{FB3476EE-3C59-417F-BC44-6FC826C86FAE}"
EndProject
Project("{FAE04EC0-301F-11D3-BF4B-00C04F79EFBC}") = "OF.Generator.B2BOrder", "Generator\OF.Generator.B2BOrder\OF.Generator.B2BOrder.csproj", "{3BA4782D-8500-4AAD-9939-CD5C774EEE31}"
EndProject
Project("{FAE04EC0-301F-11D3-BF4B-00C04F79EFBC}") = "OF.Parser.VCA", "Parser\OF.Parser.VCA\OF.Parser.VCA.csproj", "{4416AD4D-99A8-4997-B88C-05EFA7B87069}"
EndProject
Project("{FAE04EC0-301F-11D3-BF4B-00C04F79EFBC}") = "UnitTest.Adapter.FTP", "UnitTests\UnitTest.Adapter.FTP\UnitTest.Adapter.FTP.csproj", "{23F12480-7576-4E0D-9F9E-4C19F7753B0C}"
EndProject
Project("{FAE04EC0-301F-11D3-BF4B-00C04F79EFBC}") = "UnitTest.Parser.VCA", "UnitTests\UnitTest.Parser.VCA\UnitTest.Parser.VCA.csproj", "{6AEFC83E-EF44-4065-B677-364D06B27695}"
EndProject
Project("{FAE04EC0-301F-11D3-BF4B-00C04F79EFBC}") = "UnitTest.Generator.B2B", "UnitTests\UnitTest.Generator.B2B\UnitTest.Generator.B2B.csproj", "{B49899AA-F09C-488A-892A-BDE7E1D8EEE3}"
EndProject
Project("{FAE04EC0-301F-11D3-BF4B-00C04F79EFBC}") = "UnitTest.Transformator.RuleEngine", "UnitTests\UnitTest.Transformator.RuleEngine\UnitTest.Transformator.RuleEngine.csproj", "{EA578242-F6B2-4276-8B3B-E58636B2E4A3}"
EndProject
Global
	GlobalSection(SolutionConfigurationPlatforms) = preSolution
		Debug|Any CPU = Debug|Any CPU
		Debug|x86 = Debug|x86
		Release|Any CPU = Release|Any CPU
		Release|x86 = Release|x86
	EndGlobalSection
	GlobalSection(ProjectConfigurationPlatforms) = postSolution
		{7F2A2DC9-8792-4137-BF91-F917B2ABEC35}.Debug|Any CPU.ActiveCfg = Debug|Any CPU
		{7F2A2DC9-8792-4137-BF91-F917B2ABEC35}.Debug|Any CPU.Build.0 = Debug|Any CPU
		{7F2A2DC9-8792-4137-BF91-F917B2ABEC35}.Debug|x86.ActiveCfg = Debug|Any CPU
		{7F2A2DC9-8792-4137-BF91-F917B2ABEC35}.Debug|x86.Build.0 = Debug|Any CPU
		{7F2A2DC9-8792-4137-BF91-F917B2ABEC35}.Release|Any CPU.ActiveCfg = Release|Any CPU
		{7F2A2DC9-8792-4137-BF91-F917B2ABEC35}.Release|Any CPU.Build.0 = Release|Any CPU
		{7F2A2DC9-8792-4137-BF91-F917B2ABEC35}.Release|x86.ActiveCfg = Release|Any CPU
		{7F2A2DC9-8792-4137-BF91-F917B2ABEC35}.Release|x86.Build.0 = Release|Any CPU
		{297D8FC8-7C28-4DFA-A8BC-5932C6D0022A}.Debug|Any CPU.ActiveCfg = Debug|Any CPU
		{297D8FC8-7C28-4DFA-A8BC-5932C6D0022A}.Debug|Any CPU.Build.0 = Debug|Any CPU
		{297D8FC8-7C28-4DFA-A8BC-5932C6D0022A}.Debug|x86.ActiveCfg = Debug|Any CPU
		{297D8FC8-7C28-4DFA-A8BC-5932C6D0022A}.Debug|x86.Build.0 = Debug|Any CPU
		{297D8FC8-7C28-4DFA-A8BC-5932C6D0022A}.Release|Any CPU.ActiveCfg = Release|Any CPU
		{297D8FC8-7C28-4DFA-A8BC-5932C6D0022A}.Release|Any CPU.Build.0 = Release|Any CPU
		{297D8FC8-7C28-4DFA-A8BC-5932C6D0022A}.Release|x86.ActiveCfg = Release|Any CPU
		{297D8FC8-7C28-4DFA-A8BC-5932C6D0022A}.Release|x86.Build.0 = Release|Any CPU
		{FCE4FDF5-8ABE-46A2-B651-AE9772B66296}.Debug|Any CPU.ActiveCfg = Debug|Any CPU
		{FCE4FDF5-8ABE-46A2-B651-AE9772B66296}.Debug|Any CPU.Build.0 = Debug|Any CPU
		{FCE4FDF5-8ABE-46A2-B651-AE9772B66296}.Debug|x86.ActiveCfg = Debug|Any CPU
		{FCE4FDF5-8ABE-46A2-B651-AE9772B66296}.Debug|x86.Build.0 = Debug|Any CPU
		{FCE4FDF5-8ABE-46A2-B651-AE9772B66296}.Release|Any CPU.ActiveCfg = Release|Any CPU
		{FCE4FDF5-8ABE-46A2-B651-AE9772B66296}.Release|Any CPU.Build.0 = Release|Any CPU
		{FCE4FDF5-8ABE-46A2-B651-AE9772B66296}.Release|x86.ActiveCfg = Release|Any CPU
		{FCE4FDF5-8ABE-46A2-B651-AE9772B66296}.Release|x86.Build.0 = Release|Any CPU
		{FCE4FDF7-84BE-46A2-B651-AE9772B66296}.Debug|Any CPU.ActiveCfg = Debug|Any CPU
		{FCE4FDF7-84BE-46A2-B651-AE9772B66296}.Debug|Any CPU.Build.0 = Debug|Any CPU
		{FCE4FDF7-84BE-46A2-B651-AE9772B66296}.Debug|x86.ActiveCfg = Debug|Any CPU
		{FCE4FDF7-84BE-46A2-B651-AE9772B66296}.Debug|x86.Build.0 = Debug|Any CPU
		{FCE4FDF7-84BE-46A2-B651-AE9772B66296}.Release|Any CPU.ActiveCfg = Release|Any CPU
		{FCE4FDF7-84BE-46A2-B651-AE9772B66296}.Release|Any CPU.Build.0 = Release|Any CPU
		{FCE4FDF7-84BE-46A2-B651-AE9772B66296}.Release|x86.ActiveCfg = Release|Any CPU
		{FCE4FDF7-84BE-46A2-B651-AE9772B66296}.Release|x86.Build.0 = Release|Any CPU
		{FB3476EE-3C59-417F-BC44-6FC826C86FAE}.Debug|Any CPU.ActiveCfg = Debug|x86
		{FB3476EE-3C59-417F-BC44-6FC826C86FAE}.Debug|Any CPU.Build.0 = Debug|x86
		{FB3476EE-3C59-417F-BC44-6FC826C86FAE}.Debug|x86.ActiveCfg = Debug|x86
		{FB3476EE-3C59-417F-BC44-6FC826C86FAE}.Debug|x86.Build.0 = Debug|x86
		{FB3476EE-3C59-417F-BC44-6FC826C86FAE}.Release|Any CPU.ActiveCfg = Release|x86
		{FB3476EE-3C59-417F-BC44-6FC826C86FAE}.Release|Any CPU.Build.0 = Release|x86
		{FB3476EE-3C59-417F-BC44-6FC826C86FAE}.Release|x86.ActiveCfg = Release|x86
		{FB3476EE-3C59-417F-BC44-6FC826C86FAE}.Release|x86.Build.0 = Release|x86
		{3BA4782D-8500-4AAD-9939-CD5C774EEE31}.Debug|Any CPU.ActiveCfg = Debug|Any CPU
		{3BA4782D-8500-4AAD-9939-CD5C774EEE31}.Debug|Any CPU.Build.0 = Debug|Any CPU
		{3BA4782D-8500-4AAD-9939-CD5C774EEE31}.Debug|x86.ActiveCfg = Debug|Any CPU
		{3BA4782D-8500-4AAD-9939-CD5C774EEE31}.Debug|x86.Build.0 = Debug|Any CPU
		{3BA4782D-8500-4AAD-9939-CD5C774EEE31}.Release|Any CPU.ActiveCfg = Release|Any CPU
		{3BA4782D-8500-4AAD-9939-CD5C774EEE31}.Release|Any CPU.Build.0 = Release|Any CPU
		{3BA4782D-8500-4AAD-9939-CD5C774EEE31}.Release|x86.ActiveCfg = Release|Any CPU
		{3BA4782D-8500-4AAD-9939-CD5C774EEE31}.Release|x86.Build.0 = Release|Any CPU
		{4416AD4D-99A8-4997-B88C-05EFA7B87069}.Debug|Any CPU.ActiveCfg = Debug|Any CPU
		{4416AD4D-99A8-4997-B88C-05EFA7B87069}.Debug|Any CPU.Build.0 = Debug|Any CPU
		{4416AD4D-99A8-4997-B88C-05EFA7B87069}.Debug|x86.ActiveCfg = Debug|Any CPU
		{4416AD4D-99A8-4997-B88C-05EFA7B87069}.Debug|x86.Build.0 = Debug|Any CPU
		{4416AD4D-99A8-4997-B88C-05EFA7B87069}.Release|Any CPU.ActiveCfg = Release|Any CPU
		{4416AD4D-99A8-4997-B88C-05EFA7B87069}.Release|Any CPU.Build.0 = Release|Any CPU
		{4416AD4D-99A8-4997-B88C-05EFA7B87069}.Release|x86.ActiveCfg = Release|Any CPU
		{4416AD4D-99A8-4997-B88C-05EFA7B87069}.Release|x86.Build.0 = Release|Any CPU
		{23F12480-7576-4E0D-9F9E-4C19F7753B0C}.Debug|Any CPU.ActiveCfg = Debug|Any CPU
		{23F12480-7576-4E0D-9F9E-4C19F7753B0C}.Debug|Any CPU.Build.0 = Debug|Any CPU
		{23F12480-7576-4E0D-9F9E-4C19F7753B0C}.Debug|x86.ActiveCfg = Debug|Any CPU
		{23F12480-7576-4E0D-9F9E-4C19F7753B0C}.Debug|x86.Build.0 = Debug|Any CPU
		{23F12480-7576-4E0D-9F9E-4C19F7753B0C}.Release|Any CPU.ActiveCfg = Release|Any CPU
		{23F12480-7576-4E0D-9F9E-4C19F7753B0C}.Release|Any CPU.Build.0 = Release|Any CPU
		{23F12480-7576-4E0D-9F9E-4C19F7753B0C}.Release|x86.ActiveCfg = Release|Any CPU
		{23F12480-7576-4E0D-9F9E-4C19F7753B0C}.Release|x86.Build.0 = Release|Any CPU
		{6AEFC83E-EF44-4065-B677-364D06B27695}.Debug|Any CPU.ActiveCfg = Debug|Any CPU
		{6AEFC83E-EF44-4065-B677-364D06B27695}.Debug|Any CPU.Build.0 = Debug|Any CPU
		{6AEFC83E-EF44-4065-B677-364D06B27695}.Debug|x86.ActiveCfg = Debug|Any CPU
		{6AEFC83E-EF44-4065-B677-364D06B27695}.Debug|x86.Build.0 = Debug|Any CPU
		{6AEFC83E-EF44-4065-B677-364D06B27695}.Release|Any CPU.ActiveCfg = Release|Any CPU
		{6AEFC83E-EF44-4065-B677-364D06B27695}.Release|Any CPU.Build.0 = Release|Any CPU
		{6AEFC83E-EF44-4065-B677-364D06B27695}.Release|x86.ActiveCfg = Release|Any CPU
		{6AEFC83E-EF44-4065-B677-364D06B27695}.Release|x86.Build.0 = Release|Any CPU
		{B49899AA-F09C-488A-892A-BDE7E1D8EEE3}.Debug|Any CPU.ActiveCfg = Debug|Any CPU
		{B49899AA-F09C-488A-892A-BDE7E1D8EEE3}.Debug|Any CPU.Build.0 = Debug|Any CPU
		{B49899AA-F09C-488A-892A-BDE7E1D8EEE3}.Debug|x86.ActiveCfg = Debug|Any CPU
		{B49899AA-F09C-488A-892A-BDE7E1D8EEE3}.Debug|x86.Build.0 = Debug|Any CPU
		{B49899AA-F09C-488A-892A-BDE7E1D8EEE3}.Release|Any CPU.ActiveCfg = Release|Any CPU
		{B49899AA-F09C-488A-892A-BDE7E1D8EEE3}.Release|Any CPU.Build.0 = Release|Any CPU
		{B49899AA-F09C-488A-892A-BDE7E1D8EEE3}.Release|x86.ActiveCfg = Release|Any CPU
		{B49899AA-F09C-488A-892A-BDE7E1D8EEE3}.Release|x86.Build.0 = Release|Any CPU
		{EA578242-F6B2-4276-8B3B-E58636B2E4A3}.Debug|Any CPU.ActiveCfg = Debug|Any CPU
		{EA578242-F6B2-4276-8B3B-E58636B2E4A3}.Debug|Any CPU.Build.0 = Debug|Any CPU
		{EA578242-F6B2-4276-8B3B-E58636B2E4A3}.Debug|x86.ActiveCfg = Debug|Any CPU
		{EA578242-F6B2-4276-8B3B-E58636B2E4A3}.Debug|x86.Build.0 = Debug|Any CPU
		{EA578242-F6B2-4276-8B3B-E58636B2E4A3}.Release|Any CPU.ActiveCfg = Release|Any CPU
		{EA578242-F6B2-4276-8B3B-E58636B2E4A3}.Release|Any CPU.Build.0 = Release|Any CPU
		{EA578242-F6B2-4276-8B3B-E58636B2E4A3}.Release|x86.ActiveCfg = Release|Any CPU
		{EA578242-F6B2-4276-8B3B-E58636B2E4A3}.Release|x86.Build.0 = Release|Any CPU
	EndGlobalSection
	GlobalSection(SolutionProperties) = preSolution
		HideSolutionNode = FALSE
	EndGlobalSection
	GlobalSection(NestedProjects) = preSolution
		{297D8FC8-7C28-4DFA-A8BC-5932C6D0022A} = {A7F58EAF-6966-4191-AD95-42D0344F120A}
		{FCE4FDF5-8ABE-46A2-B651-AE9772B66296} = {6944C55F-2FEB-4B31-A57E-5CEE139D8F82}
		{FCE4FDF7-84BE-46A2-B651-AE9772B66296} = {6944C55F-2FEB-4B31-A57E-5CEE139D8F82}
		{FB3476EE-3C59-417F-BC44-6FC826C86FAE} = {392C9539-053B-4FB0-B4B8-48D21C989774}
		{3BA4782D-8500-4AAD-9939-CD5C774EEE31} = {3B0A23C4-6128-4F64-8340-E097874FB922}
		{4416AD4D-99A8-4997-B88C-05EFA7B87069} = {0AACBFE1-7014-4FCE-A538-317C2913D891}
		{23F12480-7576-4E0D-9F9E-4C19F7753B0C} = {13A59BB3-02CD-4B63-940A-A7FF45341AD9}
		{6AEFC83E-EF44-4065-B677-364D06B27695} = {13A59BB3-02CD-4B63-940A-A7FF45341AD9}
		{B49899AA-F09C-488A-892A-BDE7E1D8EEE3} = {13A59BB3-02CD-4B63-940A-A7FF45341AD9}
		{EA578242-F6B2-4276-8B3B-E58636B2E4A3} = {13A59BB3-02CD-4B63-940A-A7FF45341AD9}
	EndGlobalSection
	GlobalSection(ExtensibilityGlobals) = postSolution
		SolutionGuid = {786D2AC6-2973-4AA0-8767-7DC66C5BE9E8}
	EndGlobalSection
EndGlobal
